// !$*UTF8*$!
{
	archiveVersion = 1;
	classes = {
	};
	objectVersion = 77;
	objects = {

/* Begin PBXContainerItemProxy section */
		16ABB0E82CFFFCA300F58073 /* PBXContainerItemProxy */ = {
			isa = PBXContainerItemProxy;
			containerPortal = 16ABB0CF2CFFFC9F00F58073 /* Project object */;
			proxyType = 1;
			remoteGlobalIDString = 16ABB0D62CFFFC9F00F58073;
			remoteInfo = MyWorkTodoList;
		};
		16ABB0F22CFFFCA300F58073 /* PBXContainerItemProxy */ = {
			isa = PBXContainerItemProxy;
			containerPortal = 16ABB0CF2CFFFC9F00F58073 /* Project object */;
			proxyType = 1;
			remoteGlobalIDString = 16ABB0D62CFFFC9F00F58073;
			remoteInfo = MyWorkTodoList;
		};
/* End PBXContainerItemProxy section */

/* Begin PBXFileReference section */
		16ABB0D72CFFFC9F00F58073 /* MyWorkTodoList.app */ = {isa = PBXFileReference; explicitFileType = wrapper.application; includeInIndex = 0; path = MyWorkTodoList.app; sourceTree = BUILT_PRODUCTS_DIR; };
		16ABB0E72CFFFCA300F58073 /* MyWorkTodoListTests.xctest */ = {isa = PBXFileReference; explicitFileType = wrapper.cfbundle; includeInIndex = 0; path = MyWorkTodoListTests.xctest; sourceTree = BUILT_PRODUCTS_DIR; };
		16ABB0F12CFFFCA300F58073 /* MyWorkTodoListUITests.xctest */ = {isa = PBXFileReference; explicitFileType = wrapper.cfbundle; includeInIndex = 0; path = MyWorkTodoListUITests.xctest; sourceTree = BUILT_PRODUCTS_DIR; };
/* End PBXFileReference section */

/* Begin PBXFileSystemSynchronizedRootGroup section */
		16ABB0D92CFFFC9F00F58073 /* MyWorkTodoList */ = {
			isa = PBXFileSystemSynchronizedRootGroup;
			path = MyWorkTodoList;
			sourceTree = "<group>";
		};
		16ABB0EA2CFFFCA300F58073 /* MyWorkTodoListTests */ = {
			isa = PBXFileSystemSynchronizedRootGroup;
			path = MyWorkTodoListTests;
			sourceTree = "<group>";
		};
		16ABB0F42CFFFCA300F58073 /* MyWorkTodoListUITests */ = {
			isa = PBXFileSystemSynchronizedRootGroup;
			path = MyWorkTodoListUITests;
			sourceTree = "<group>";
		};
/* End PBXFileSystemSynchronizedRootGroup section */

/* Begin PBXFrameworksBuildPhase section */
		16ABB0D42CFFFC9F00F58073 /* Frameworks */ = {
			isa = PBXFrameworksBuildPhase;
			buildActionMask = 2147483647;
			files = (
			);
			runOnlyForDeploymentPostprocessing = 0;
		};
		16ABB0E42CFFFCA300F58073 /* Frameworks */ = {
			isa = PBXFrameworksBuildPhase;
			buildActionMask = 2147483647;
			files = (
			);
			runOnlyForDeploymentPostprocessing = 0;
		};
		16ABB0EE2CFFFCA300F58073 /* Frameworks */ = {
			isa = PBXFrameworksBuildPhase;
			buildActionMask = 2147483647;
			files = (
			);
			runOnlyForDeploymentPostprocessing = 0;
		};
/* End PBXFrameworksBuildPhase section */

/* Begin PBXGroup section */
		16ABB0CE2CFFFC9F00F58073 = {
			isa = PBXGroup;
			children = (
				16ABB0D92CFFFC9F00F58073 /* MyWorkTodoList */,
				16ABB0EA2CFFFCA300F58073 /* MyWorkTodoListTests */,
				16ABB0F42CFFFCA300F58073 /* MyWorkTodoListUITests */,
				16ABB0D82CFFFC9F00F58073 /* Products */,
			);
			sourceTree = "<group>";
		};
		16ABB0D82CFFFC9F00F58073 /* Products */ = {
			isa = PBXGroup;
			children = (
				16ABB0D72CFFFC9F00F58073 /* MyWorkTodoList.app */,
				16ABB0E72CFFFCA300F58073 /* MyWorkTodoListTests.xctest */,
				16ABB0F12CFFFCA300F58073 /* MyWorkTodoListUITests.xctest */,
			);
			name = Products;
			sourceTree = "<group>";
		};
/* End PBXGroup section */

/* Begin PBXNativeTarget section */
		16ABB0D62CFFFC9F00F58073 /* MyWorkTodoList */ = {
			isa = PBXNativeTarget;
			buildConfigurationList = 16ABB0FB2CFFFCA300F58073 /* Build configuration list for PBXNativeTarget "MyWorkTodoList" */;
			buildPhases = (
				16ABB0D32CFFFC9F00F58073 /* Sources */,
				16ABB0D42CFFFC9F00F58073 /* Frameworks */,
				16ABB0D52CFFFC9F00F58073 /* Resources */,
			);
			buildRules = (
			);
			dependencies = (
			);
			fileSystemSynchronizedGroups = (
				16ABB0D92CFFFC9F00F58073 /* MyWorkTodoList */,
			);
			name = MyWorkTodoList;
			packageProductDependencies = (
			);
			productName = MyWorkTodoList;
			productReference = 16ABB0D72CFFFC9F00F58073 /* MyWorkTodoList.app */;
			productType = "com.apple.product-type.application";
		};
		16ABB0E62CFFFCA300F58073 /* MyWorkTodoListTests */ = {
			isa = PBXNativeTarget;
			buildConfigurationList = 16ABB0FE2CFFFCA300F58073 /* Build configuration list for PBXNativeTarget "MyWorkTodoListTests" */;
			buildPhases = (
				16ABB0E32CFFFCA300F58073 /* Sources */,
				16ABB0E42CFFFCA300F58073 /* Frameworks */,
				16ABB0E52CFFFCA300F58073 /* Resources */,
			);
			buildRules = (
			);
			dependencies = (
				16ABB0E92CFFFCA300F58073 /* PBXTargetDependency */,
			);
			fileSystemSynchronizedGroups = (
				16ABB0EA2CFFFCA300F58073 /* MyWorkTodoListTests */,
			);
			name = MyWorkTodoListTests;
			packageProductDependencies = (
			);
			productName = MyWorkTodoListTests;
			productReference = 16ABB0E72CFFFCA300F58073 /* MyWorkTodoListTests.xctest */;
			productType = "com.apple.product-type.bundle.unit-test";
		};
		16ABB0F02CFFFCA300F58073 /* MyWorkTodoListUITests */ = {
			isa = PBXNativeTarget;
			buildConfigurationList = 16ABB1012CFFFCA300F58073 /* Build configuration list for PBXNativeTarget "MyWorkTodoListUITests" */;
			buildPhases = (
				16ABB0ED2CFFFCA300F58073 /* Sources */,
				16ABB0EE2CFFFCA300F58073 /* Frameworks */,
				16ABB0EF2CFFFCA300F58073 /* Resources */,
			);
			buildRules = (
			);
			dependencies = (
				16ABB0F32CFFFCA300F58073 /* PBXTargetDependency */,
			);
			fileSystemSynchronizedGroups = (
				16ABB0F42CFFFCA300F58073 /* MyWorkTodoListUITests */,
			);
			name = MyWorkTodoListUITests;
			packageProductDependencies = (
			);
			productName = MyWorkTodoListUITests;
			productReference = 16ABB0F12CFFFCA300F58073 /* MyWorkTodoListUITests.xctest */;
			productType = "com.apple.product-type.bundle.ui-testing";
		};
/* End PBXNativeTarget section */

/* Begin PBXProject section */
		16ABB0CF2CFFFC9F00F58073 /* Project object */ = {
			isa = PBXProject;
			attributes = {
				BuildIndependentTargetsInParallel = 1;
				LastSwiftUpdateCheck = 1610;
				LastUpgradeCheck = 1610;
				TargetAttributes = {
					16ABB0D62CFFFC9F00F58073 = {
						CreatedOnToolsVersion = 16.1;
					};
					16ABB0E62CFFFCA300F58073 = {
						CreatedOnToolsVersion = 16.1;
						TestTargetID = 16ABB0D62CFFFC9F00F58073;
					};
					16ABB0F02CFFFCA300F58073 = {
						CreatedOnToolsVersion = 16.1;
						TestTargetID = 16ABB0D62CFFFC9F00F58073;
					};
				};
			};
			buildConfigurationList = 16ABB0D22CFFFC9F00F58073 /* Build configuration list for PBXProject "MyWorkTodoList" */;
			developmentRegion = en;
			hasScannedForEncodings = 0;
			knownRegions = (
				en,
				Base,
			);
			mainGroup = 16ABB0CE2CFFFC9F00F58073;
			minimizedProjectReferenceProxies = 1;
			preferredProjectObjectVersion = 77;
			productRefGroup = 16ABB0D82CFFFC9F00F58073 /* Products */;
			projectDirPath = "";
			projectRoot = "";
			targets = (
				16ABB0D62CFFFC9F00F58073 /* MyWorkTodoList */,
				16ABB0E62CFFFCA300F58073 /* MyWorkTodoListTests */,
				16ABB0F02CFFFCA300F58073 /* MyWorkTodoListUITests */,
			);
		};
/* End PBXProject section */

/* Begin PBXResourcesBuildPhase section */
		16ABB0D52CFFFC9F00F58073 /* Resources */ = {
			isa = PBXResourcesBuildPhase;
			buildActionMask = 2147483647;
			files = (
			);
			runOnlyForDeploymentPostprocessing = 0;
		};
		16ABB0E52CFFFCA300F58073 /* Resources */ = {
			isa = PBXResourcesBuildPhase;
			buildActionMask = 2147483647;
			files = (
			);
			runOnlyForDeploymentPostprocessing = 0;
		};
		16ABB0EF2CFFFCA300F58073 /* Resources */ = {
			isa = PBXResourcesBuildPhase;
			buildActionMask = 2147483647;
			files = (
			);
			runOnlyForDeploymentPostprocessing = 0;
		};
/* End PBXResourcesBuildPhase section */

/* Begin PBXSourcesBuildPhase section */
		16ABB0D32CFFFC9F00F58073 /* Sources */ = {
			isa = PBXSourcesBuildPhase;
			buildActionMask = 2147483647;
			files = (
			);
			runOnlyForDeploymentPostprocessing = 0;
		};
		16ABB0E32CFFFCA300F58073 /* Sources */ = {
			isa = PBXSourcesBuildPhase;
			buildActionMask = 2147483647;
			files = (
			);
			runOnlyForDeploymentPostprocessing = 0;
		};
		16ABB0ED2CFFFCA300F58073 /* Sources */ = {
			isa = PBXSourcesBuildPhase;
			buildActionMask = 2147483647;
			files = (
			);
			runOnlyForDeploymentPostprocessing = 0;
		};
/* End PBXSourcesBuildPhase section */

/* Begin PBXTargetDependency section */
		16ABB0E92CFFFCA300F58073 /* PBXTargetDependency */ = {
			isa = PBXTargetDependency;
			target = 16ABB0D62CFFFC9F00F58073 /* MyWorkTodoList */;
			targetProxy = 16ABB0E82CFFFCA300F58073 /* PBXContainerItemProxy */;
		};
		16ABB0F32CFFFCA300F58073 /* PBXTargetDependency */ = {
			isa = PBXTargetDependency;
			target = 16ABB0D62CFFFC9F00F58073 /* MyWorkTodoList */;
			targetProxy = 16ABB0F22CFFFCA300F58073 /* PBXContainerItemProxy */;
		};
/* End PBXTargetDependency section */

/* Begin XCBuildConfiguration section */
		16ABB0F92CFFFCA300F58073 /* Debug */ = {
			isa = XCBuildConfiguration;
			buildSettings = {
				ALWAYS_SEARCH_USER_PATHS = NO;
				ASSETCATALOG_COMPILER_GENERATE_SWIFT_ASSET_SYMBOL_EXTENSIONS = YES;
				CLANG_ANALYZER_NONNULL = YES;
				CLANG_ANALYZER_NUMBER_OBJECT_CONVERSION = YES_AGGRESSIVE;
				CLANG_CXX_LANGUAGE_STANDARD = "gnu++20";
				CLANG_ENABLE_MODULES = YES;
				CLANG_ENABLE_OBJC_ARC = YES;
				CLANG_ENABLE_OBJC_WEAK = YES;
				CLANG_WARN_BLOCK_CAPTURE_AUTORELEASING = YES;
				CLANG_WARN_BOOL_CONVERSION = YES;
				CLANG_WARN_COMMA = YES;
				CLANG_WARN_CONSTANT_CONVERSION = YES;
				CLANG_WARN_DEPRECATED_OBJC_IMPLEMENTATIONS = YES;
				CLANG_WARN_DIRECT_OBJC_ISA_USAGE = YES_ERROR;
				CLANG_WARN_DOCUMENTATION_COMMENTS = YES;
				CLANG_WARN_EMPTY_BODY = YES;
				CLANG_WARN_ENUM_CONVERSION = YES;
				CLANG_WARN_INFINITE_RECURSION = YES;
				CLANG_WARN_INT_CONVERSION = YES;
				CLANG_WARN_NON_LITERAL_NULL_CONVERSION = YES;
				CLANG_WARN_OBJC_IMPLICIT_RETAIN_SELF = YES;
				CLANG_WARN_OBJC_LITERAL_CONVERSION = YES;
				CLANG_WARN_OBJC_ROOT_CLASS = YES_ERROR;
				CLANG_WARN_QUOTED_INCLUDE_IN_FRAMEWORK_HEADER = YES;
				CLANG_WARN_RANGE_LOOP_ANALYSIS = YES;
				CLANG_WARN_STRICT_PROTOTYPES = YES;
				CLANG_WARN_SUSPICIOUS_MOVE = YES;
				CLANG_WARN_UNGUARDED_AVAILABILITY = YES_AGGRESSIVE;
				CLANG_WARN_UNREACHABLE_CODE = YES;
				CLANG_WARN__DUPLICATE_METHOD_MATCH = YES;
				COPY_PHASE_STRIP = NO;
				DEBUG_INFORMATION_FORMAT = dwarf;
				ENABLE_STRICT_OBJC_MSGSEND = YES;
				ENABLE_TESTABILITY = YES;
				ENABLE_USER_SCRIPT_SANDBOXING = YES;
				GCC_C_LANGUAGE_STANDARD = gnu17;
				GCC_DYNAMIC_NO_PIC = NO;
				GCC_NO_COMMON_BLOCKS = YES;
				GCC_OPTIMIZATION_LEVEL = 0;
				GCC_PREPROCESSOR_DEFINITIONS = (
					"DEBUG=1",
					"$(inherited)",
				);
				GCC_WARN_64_TO_32_BIT_CONVERSION = YES;
				GCC_WARN_ABOUT_RETURN_TYPE = YES_ERROR;
				GCC_WARN_UNDECLARED_SELECTOR = YES;
				GCC_WARN_UNINITIALIZED_AUTOS = YES_AGGRESSIVE;
				GCC_WARN_UNUSED_FUNCTION = YES;
				GCC_WARN_UNUSED_VARIABLE = YES;
				IPHONEOS_DEPLOYMENT_TARGET = 18.1;
				LOCALIZATION_PREFERS_STRING_CATALOGS = YES;
				MTL_ENABLE_DEBUG_INFO = INCLUDE_SOURCE;
				MTL_FAST_MATH = YES;
				ONLY_ACTIVE_ARCH = YES;
				SDKROOT = iphoneos;
				SWIFT_ACTIVE_COMPILATION_CONDITIONS = "DEBUG $(inherited)";
				SWIFT_OPTIMIZATION_LEVEL = "-Onone";
			};
			name = Debug;
		};
		16ABB0FA2CFFFCA300F58073 /* Release */ = {
			isa = XCBuildConfiguration;
			buildSettings = {
				ALWAYS_SEARCH_USER_PATHS = NO;
				ASSETCATALOG_COMPILER_GENERATE_SWIFT_ASSET_SYMBOL_EXTENSIONS = YES;
				CLANG_ANALYZER_NONNULL = YES;
				CLANG_ANALYZER_NUMBER_OBJECT_CONVERSION = YES_AGGRESSIVE;
				CLANG_CXX_LANGUAGE_STANDARD = "gnu++20";
				CLANG_ENABLE_MODULES = YES;
				CLANG_ENABLE_OBJC_ARC = YES;
				CLANG_ENABLE_OBJC_WEAK = YES;
				CLANG_WARN_BLOCK_CAPTURE_AUTORELEASING = YES;
				CLANG_WARN_BOOL_CONVERSION = YES;
				CLANG_WARN_COMMA = YES;
				CLANG_WARN_CONSTANT_CONVERSION = YES;
				CLANG_WARN_DEPRECATED_OBJC_IMPLEMENTATIONS = YES;
				CLANG_WARN_DIRECT_OBJC_ISA_USAGE = YES_ERROR;
				CLANG_WARN_DOCUMENTATION_COMMENTS = YES;
				CLANG_WARN_EMPTY_BODY = YES;
				CLANG_WARN_ENUM_CONVERSION = YES;
				CLANG_WARN_INFINITE_RECURSION = YES;
				CLANG_WARN_INT_CONVERSION = YES;
				CLANG_WARN_NON_LITERAL_NULL_CONVERSION = YES;
				CLANG_WARN_OBJC_IMPLICIT_RETAIN_SELF = YES;
				CLANG_WARN_OBJC_LITERAL_CONVERSION = YES;
				CLANG_WARN_OBJC_ROOT_CLASS = YES_ERROR;
				CLANG_WARN_QUOTED_INCLUDE_IN_FRAMEWORK_HEADER = YES;
				CLANG_WARN_RANGE_LOOP_ANALYSIS = YES;
				CLANG_WARN_STRICT_PROTOTYPES = YES;
				CLANG_WARN_SUSPICIOUS_MOVE = YES;
				CLANG_WARN_UNGUARDED_AVAILABILITY = YES_AGGRESSIVE;
				CLANG_WARN_UNREACHABLE_CODE = YES;
				CLANG_WARN__DUPLICATE_METHOD_MATCH = YES;
				COPY_PHASE_STRIP = NO;
				DEBUG_INFORMATION_FORMAT = "dwarf-with-dsym";
				ENABLE_NS_ASSERTIONS = NO;
				ENABLE_STRICT_OBJC_MSGSEND = YES;
				ENABLE_USER_SCRIPT_SANDBOXING = YES;
				GCC_C_LANGUAGE_STANDARD = gnu17;
				GCC_NO_COMMON_BLOCKS = YES;
				GCC_WARN_64_TO_32_BIT_CONVERSION = YES;
				GCC_WARN_ABOUT_RETURN_TYPE = YES_ERROR;
				GCC_WARN_UNDECLARED_SELECTOR = YES;
				GCC_WARN_UNINITIALIZED_AUTOS = YES_AGGRESSIVE;
				GCC_WARN_UNUSED_FUNCTION = YES;
				GCC_WARN_UNUSED_VARIABLE = YES;
				IPHONEOS_DEPLOYMENT_TARGET = 18.1;
				LOCALIZATION_PREFERS_STRING_CATALOGS = YES;
				MTL_ENABLE_DEBUG_INFO = NO;
				MTL_FAST_MATH = YES;
				SDKROOT = iphoneos;
				SWIFT_COMPILATION_MODE = wholemodule;
				VALIDATE_PRODUCT = YES;
			};
			name = Release;
		};
		16ABB0FC2CFFFCA300F58073 /* Debug */ = {
			isa = XCBuildConfiguration;
			buildSettings = {
				ASSETCATALOG_COMPILER_APPICON_NAME = AppIcon;
				ASSETCATALOG_COMPILER_GLOBAL_ACCENT_COLOR_NAME = AccentColor;
				CODE_SIGN_STYLE = Automatic;
				CURRENT_PROJECT_VERSION = 1;
				DEVELOPMENT_ASSET_PATHS = "\"MyWorkTodoList/Preview Content\"";
				DEVELOPMENT_TEAM = 55WCKK3Y95;
				ENABLE_PREVIEWS = YES;
				GENERATE_INFOPLIST_FILE = YES;
				INFOPLIST_KEY_UIApplicationSceneManifest_Generation = YES;
				INFOPLIST_KEY_UIApplicationSupportsIndirectInputEvents = YES;
				INFOPLIST_KEY_UILaunchScreen_Generation = YES;
				INFOPLIST_KEY_UISupportedInterfaceOrientations_iPad = "UIInterfaceOrientationPortrait UIInterfaceOrientationPortraitUpsideDown UIInterfaceOrientationLandscapeLeft UIInterfaceOrientationLandscapeRight";
				INFOPLIST_KEY_UISupportedInterfaceOrientations_iPhone = "UIInterfaceOrientationPortrait UIInterfaceOrientationLandscapeLeft UIInterfaceOrientationLandscapeRight";
				LD_RUNPATH_SEARCH_PATHS = (
					"$(inherited)",
					"@executable_path/Frameworks",
				);
				MARKETING_VERSION = 1.0;
				PRODUCT_BUNDLE_IDENTIFIER = ShionNakamura.MyWorkTodoList;
				PRODUCT_NAME = "$(TARGET_NAME)";
				SWIFT_EMIT_LOC_STRINGS = YES;
				SWIFT_VERSION = 5.0;
				TARGETED_DEVICE_FAMILY = "1,2";
			};
			name = Debug;
		};
		16ABB0FD2CFFFCA300F58073 /* Release */ = {
			isa = XCBuildConfiguration;
			buildSettings = {
				ASSETCATALOG_COMPILER_APPICON_NAME = AppIcon;
				ASSETCATALOG_COMPILER_GLOBAL_ACCENT_COLOR_NAME = AccentColor;
				CODE_SIGN_STYLE = Automatic;
				CURRENT_PROJECT_VERSION = 1;
				DEVELOPMENT_ASSET_PATHS = "\"MyWorkTodoList/Preview Content\"";
				DEVELOPMENT_TEAM = 55WCKK3Y95;
				ENABLE_PREVIEWS = YES;
				GENERATE_INFOPLIST_FILE = YES;
				INFOPLIST_KEY_UIApplicationSceneManifest_Generation = YES;
				INFOPLIST_KEY_UIApplicationSupportsIndirectInputEvents = YES;
				INFOPLIST_KEY_UILaunchScreen_Generation = YES;
				INFOPLIST_KEY_UISupportedInterfaceOrientations_iPad = "UIInterfaceOrientationPortrait UIInterfaceOrientationPortraitUpsideDown UIInterfaceOrientationLandscapeLeft UIInterfaceOrientationLandscapeRight";
				INFOPLIST_KEY_UISupportedInterfaceOrientations_iPhone = "UIInterfaceOrientationPortrait UIInterfaceOrientationLandscapeLeft UIInterfaceOrientationLandscapeRight";
				LD_RUNPATH_SEARCH_PATHS = (
					"$(inherited)",
					"@executable_path/Frameworks",
				);
				MARKETING_VERSION = 1.0;
				PRODUCT_BUNDLE_IDENTIFIER = ShionNakamura.MyWorkTodoList;
				PRODUCT_NAME = "$(TARGET_NAME)";
				SWIFT_EMIT_LOC_STRINGS = YES;
				SWIFT_VERSION = 5.0;
				TARGETED_DEVICE_FAMILY = "1,2";
			};
			name = Release;
		};
		16ABB0FF2CFFFCA300F58073 /* Debug */ = {
			isa = XCBuildConfiguration;
			buildSettings = {
				BUNDLE_LOADER = "$(TEST_HOST)";
				CODE_SIGN_STYLE = Automatic;
				CURRENT_PROJECT_VERSION = 1;
				DEVELOPMENT_TEAM = 55WCKK3Y95;
				GENERATE_INFOPLIST_FILE = YES;
				IPHONEOS_DEPLOYMENT_TARGET = 18.1;
				MARKETING_VERSION = 1.0;
				PRODUCT_BUNDLE_IDENTIFIER = ShionNakamura.MyWorkTodoListTests;
				PRODUCT_NAME = "$(TARGET_NAME)";
				SWIFT_EMIT_LOC_STRINGS = NO;
				SWIFT_VERSION = 5.0;
				TARGETED_DEVICE_FAMILY = "1,2";
				TEST_HOST = "$(BUILT_PRODUCTS_DIR)/MyWorkTodoList.app/$(BUNDLE_EXECUTABLE_FOLDER_PATH)/MyWorkTodoList";
			};
			name = Debug;
		};
		16ABB1002CFFFCA300F58073 /* Release */ = {
			isa = XCBuildConfiguration;
			buildSettings = {
				BUNDLE_LOADER = "$(TEST_HOST)";
				CODE_SIGN_STYLE = Automatic;
				CURRENT_PROJECT_VERSION = 1;
				DEVELOPMENT_TEAM = 55WCKK3Y95;
				GENERATE_INFOPLIST_FILE = YES;
				IPHONEOS_DEPLOYMENT_TARGET = 18.1;
				MARKETING_VERSION = 1.0;
				PRODUCT_BUNDLE_IDENTIFIER = ShionNakamura.MyWorkTodoListTests;
				PRODUCT_NAME = "$(TARGET_NAME)";
				SWIFT_EMIT_LOC_STRINGS = NO;
				SWIFT_VERSION = 5.0;
				TARGETED_DEVICE_FAMILY = "1,2";
				TEST_HOST = "$(BUILT_PRODUCTS_DIR)/MyWorkTodoList.app/$(BUNDLE_EXECUTABLE_FOLDER_PATH)/MyWorkTodoList";
			};
			name = Release;
		};
		16ABB1022CFFFCA300F58073 /* Debug */ = {
			isa = XCBuildConfiguration;
			buildSettings = {
				CODE_SIGN_STYLE = Automatic;
				CURRENT_PROJECT_VERSION = 1;
				DEVELOPMENT_TEAM = 55WCKK3Y95;
				GENERATE_INFOPLIST_FILE = YES;
				MARKETING_VERSION = 1.0;
				PRODUCT_BUNDLE_IDENTIFIER = ShionNakamura.MyWorkTodoListUITests;
				PRODUCT_NAME = "$(TARGET_NAME)";
				SWIFT_EMIT_LOC_STRINGS = NO;
				SWIFT_VERSION = 5.0;
				TARGETED_DEVICE_FAMILY = "1,2";
				TEST_TARGET_NAME = MyWorkTodoList;
			};
			name = Debug;
		};
		16ABB1032CFFFCA300F58073 /* Release */ = {
			isa = XCBuildConfiguration;
			buildSettings = {
				CODE_SIGN_STYLE = Automatic;
				CURRENT_PROJECT_VERSION = 1;
				DEVELOPMENT_TEAM = 55WCKK3Y95;
				GENERATE_INFOPLIST_FILE = YES;
				MARKETING_VERSION = 1.0;
				PRODUCT_BUNDLE_IDENTIFIER = ShionNakamura.MyWorkTodoListUITests;
				PRODUCT_NAME = "$(TARGET_NAME)";
				SWIFT_EMIT_LOC_STRINGS = NO;
				SWIFT_VERSION = 5.0;
				TARGETED_DEVICE_FAMILY = "1,2";
				TEST_TARGET_NAME = MyWorkTodoList;
			};
			name = Release;
		};
/* End XCBuildConfiguration section */

/* Begin XCConfigurationList section */
		16ABB0D22CFFFC9F00F58073 /* Build configuration list for PBXProject "MyWorkTodoList" */ = {
			isa = XCConfigurationList;
			buildConfigurations = (
				16ABB0F92CFFFCA300F58073 /* Debug */,
				16ABB0FA2CFFFCA300F58073 /* Release */,
			);
			defaultConfigurationIsVisible = 0;
			defaultConfigurationName = Release;
		};
		16ABB0FB2CFFFCA300F58073 /* Build configuration list for PBXNativeTarget "MyWorkTodoList" */ = {
			isa = XCConfigurationList;
			buildConfigurations = (
				16ABB0FC2CFFFCA300F58073 /* Debug */,
				16ABB0FD2CFFFCA300F58073 /* Release */,
			);
			defaultConfigurationIsVisible = 0;
			defaultConfigurationName = Release;
		};
		16ABB0FE2CFFFCA300F58073 /* Build configuration list for PBXNativeTarget "MyWorkTodoListTests" */ = {
			isa = XCConfigurationList;
			buildConfigurations = (
				16ABB0FF2CFFFCA300F58073 /* Debug */,
				16ABB1002CFFFCA300F58073 /* Release */,
			);
			defaultConfigurationIsVisible = 0;
			defaultConfigurationName = Release;
		};
		16ABB1012CFFFCA300F58073 /* Build configuration list for PBXNativeTarget "MyWorkTodoListUITests" */ = {
			isa = XCConfigurationList;
			buildConfigurations = (
				16ABB1022CFFFCA300F58073 /* Debug */,
				16ABB1032CFFFCA300F58073 /* Release */,
			);
			defaultConfigurationIsVisible = 0;
			defaultConfigurationName = Release;
		};
/* End XCConfigurationList section */
	};
	rootObject = 16ABB0CF2CFFFC9F00F58073 /* Project object */;
}
